// !$*UTF8*$!
{
	archiveVersion = 1;
	classes = {
	};
	objectVersion = 50;
	objects = {

/* Begin PBXBuildFile section */
		52874E3325ECD70D00272FAB /* AppDelegate.swift in Sources */ = {isa = PBXBuildFile; fileRef = 52874E3225ECD70D00272FAB /* AppDelegate.swift */; };
		52874E3525ECD70D00272FAB /* SceneDelegate.swift in Sources */ = {isa = PBXBuildFile; fileRef = 52874E3425ECD70D00272FAB /* SceneDelegate.swift */; };
		52874E3A25ECD70D00272FAB /* Main.storyboard in Resources */ = {isa = PBXBuildFile; fileRef = 52874E3825ECD70D00272FAB /* Main.storyboard */; };
		52874E3C25ECD70F00272FAB /* Assets.xcassets in Resources */ = {isa = PBXBuildFile; fileRef = 52874E3B25ECD70F00272FAB /* Assets.xcassets */; };
		52874E3F25ECD70F00272FAB /* LaunchScreen.storyboard in Resources */ = {isa = PBXBuildFile; fileRef = 52874E3D25ECD70F00272FAB /* LaunchScreen.storyboard */; };
		52874E4D25ECE7B300272FAB /* WeatherData.swift in Sources */ = {isa = PBXBuildFile; fileRef = 52874E4C25ECE7B300272FAB /* WeatherData.swift */; };
		52874E5525ED0BE600272FAB /* AddCityViewController.swift in Sources */ = {isa = PBXBuildFile; fileRef = 52874E5425ED0BE600272FAB /* AddCityViewController.swift */; };
		52874E5A25ED13B300272FAB /* DataSorse.swift in Sources */ = {isa = PBXBuildFile; fileRef = 52874E5925ED13B300272FAB /* DataSorse.swift */; };
		52874E7125EDA3E500272FAB /* WeatherViewController.swift in Sources */ = {isa = PBXBuildFile; fileRef = 52874E7025EDA3E500272FAB /* WeatherViewController.swift */; };
		52874E7625EDBF3F00272FAB /* ImageData.swift in Sources */ = {isa = PBXBuildFile; fileRef = 52874E7525EDBF3F00272FAB /* ImageData.swift */; };
		52874E7C25EE739D00272FAB /* GradientView.swift in Sources */ = {isa = PBXBuildFile; fileRef = 52874E7B25EE739C00272FAB /* GradientView.swift */; };
/* End PBXBuildFile section */

/* Begin PBXFileReference section */
		52874E2F25ECD70D00272FAB /* WeatherApp.app */ = {isa = PBXFileReference; explicitFileType = wrapper.application; includeInIndex = 0; path = WeatherApp.app; sourceTree = BUILT_PRODUCTS_DIR; };
		52874E3225ECD70D00272FAB /* AppDelegate.swift */ = {isa = PBXFileReference; lastKnownFileType = sourcecode.swift; path = AppDelegate.swift; sourceTree = "<group>"; };
		52874E3425ECD70D00272FAB /* SceneDelegate.swift */ = {isa = PBXFileReference; lastKnownFileType = sourcecode.swift; path = SceneDelegate.swift; sourceTree = "<group>"; };
		52874E3925ECD70D00272FAB /* Base */ = {isa = PBXFileReference; lastKnownFileType = file.storyboard; name = Base; path = Base.lproj/Main.storyboard; sourceTree = "<group>"; };
		52874E3B25ECD70F00272FAB /* Assets.xcassets */ = {isa = PBXFileReference; lastKnownFileType = folder.assetcatalog; path = Assets.xcassets; sourceTree = "<group>"; };
		52874E3E25ECD70F00272FAB /* Base */ = {isa = PBXFileReference; lastKnownFileType = file.storyboard; name = Base; path = Base.lproj/LaunchScreen.storyboard; sourceTree = "<group>"; };
		52874E4025ECD70F00272FAB /* Info.plist */ = {isa = PBXFileReference; lastKnownFileType = text.plist.xml; path = Info.plist; sourceTree = "<group>"; };
		52874E4C25ECE7B300272FAB /* WeatherData.swift */ = {isa = PBXFileReference; lastKnownFileType = sourcecode.swift; path = WeatherData.swift; sourceTree = "<group>"; };
		52874E5425ED0BE600272FAB /* AddCityViewController.swift */ = {isa = PBXFileReference; lastKnownFileType = sourcecode.swift; path = AddCityViewController.swift; sourceTree = "<group>"; };
		52874E5925ED13B300272FAB /* DataSorse.swift */ = {isa = PBXFileReference; lastKnownFileType = sourcecode.swift; path = DataSorse.swift; sourceTree = "<group>"; };
		52874E7025EDA3E500272FAB /* WeatherViewController.swift */ = {isa = PBXFileReference; lastKnownFileType = sourcecode.swift; path = WeatherViewController.swift; sourceTree = "<group>"; };
		52874E7525EDBF3F00272FAB /* ImageData.swift */ = {isa = PBXFileReference; lastKnownFileType = sourcecode.swift; path = ImageData.swift; sourceTree = "<group>"; };
		52874E7B25EE739C00272FAB /* GradientView.swift */ = {isa = PBXFileReference; lastKnownFileType = sourcecode.swift; path = GradientView.swift; sourceTree = "<group>"; };
/* End PBXFileReference section */

/* Begin PBXFrameworksBuildPhase section */
		52874E2C25ECD70D00272FAB /* Frameworks */ = {
			isa = PBXFrameworksBuildPhase;
			buildActionMask = 2147483647;
			files = (
			);
			runOnlyForDeploymentPostprocessing = 0;
		};
/* End PBXFrameworksBuildPhase section */

/* Begin PBXGroup section */
		52874E2625ECD70D00272FAB = {
			isa = PBXGroup;
			children = (
				52874E3125ECD70D00272FAB /* WeatherApp */,
				52874E3025ECD70D00272FAB /* Products */,
			);
			sourceTree = "<group>";
		};
		52874E3025ECD70D00272FAB /* Products */ = {
			isa = PBXGroup;
			children = (
				52874E2F25ECD70D00272FAB /* WeatherApp.app */,
			);
			name = Products;
			sourceTree = "<group>";
		};
		52874E3125ECD70D00272FAB /* WeatherApp */ = {
			isa = PBXGroup;
			children = (
				52874E3225ECD70D00272FAB /* AppDelegate.swift */,
				52874E3425ECD70D00272FAB /* SceneDelegate.swift */,
				52874E8225EE812D00272FAB /* Modell */,
				52874E8425EE814E00272FAB /* ViewController */,
				52874E5925ED13B300272FAB /* DataSorse.swift */,
				52874E7B25EE739C00272FAB /* GradientView.swift */,
				52874E3B25ECD70F00272FAB /* Assets.xcassets */,
				52874E3825ECD70D00272FAB /* Main.storyboard */,
				52874E3D25ECD70F00272FAB /* LaunchScreen.storyboard */,
				52874E4025ECD70F00272FAB /* Info.plist */,
			);
			path = WeatherApp;
			sourceTree = "<group>";
		};
		52874E8225EE812D00272FAB /* Modell */ = {
			isa = PBXGroup;
			children = (
				52874E7525EDBF3F00272FAB /* ImageData.swift */,
				52874E4C25ECE7B300272FAB /* WeatherData.swift */,
			);
			path = Modell;
			sourceTree = "<group>";
		};
		52874E8425EE814E00272FAB /* ViewController */ = {
			isa = PBXGroup;
			children = (
				52874E5425ED0BE600272FAB /* AddCityViewController.swift */,
				52874E7025EDA3E500272FAB /* WeatherViewController.swift */,
			);
			path = ViewController;
			sourceTree = "<group>";
		};
/* End PBXGroup section */

/* Begin PBXNativeTarget section */
		52874E2E25ECD70D00272FAB /* WeatherApp */ = {
			isa = PBXNativeTarget;
			buildConfigurationList = 52874E4325ECD70F00272FAB /* Build configuration list for PBXNativeTarget "WeatherApp" */;
			buildPhases = (
				52874E2B25ECD70D00272FAB /* Sources */,
				52874E2C25ECD70D00272FAB /* Frameworks */,
				52874E2D25ECD70D00272FAB /* Resources */,
			);
			buildRules = (
			);
			dependencies = (
			);
			name = WeatherApp;
			productName = WeatherApp;
			productReference = 52874E2F25ECD70D00272FAB /* WeatherApp.app */;
			productType = "com.apple.product-type.application";
		};
/* End PBXNativeTarget section */

/* Begin PBXProject section */
		52874E2725ECD70D00272FAB /* Project object */ = {
			isa = PBXProject;
			attributes = {
				LastSwiftUpdateCheck = 1240;
				LastUpgradeCheck = 1240;
				TargetAttributes = {
					52874E2E25ECD70D00272FAB = {
						CreatedOnToolsVersion = 12.4;
					};
				};
			};
			buildConfigurationList = 52874E2A25ECD70D00272FAB /* Build configuration list for PBXProject "WeatherApp" */;
			compatibilityVersion = "Xcode 9.3";
			developmentRegion = en;
			hasScannedForEncodings = 0;
			knownRegions = (
				en,
				Base,
			);
			mainGroup = 52874E2625ECD70D00272FAB;
			productRefGroup = 52874E3025ECD70D00272FAB /* Products */;
			projectDirPath = "";
			projectRoot = "";
			targets = (
				52874E2E25ECD70D00272FAB /* WeatherApp */,
			);
		};
/* End PBXProject section */

/* Begin PBXResourcesBuildPhase section */
		52874E2D25ECD70D00272FAB /* Resources */ = {
			isa = PBXResourcesBuildPhase;
			buildActionMask = 2147483647;
			files = (
				52874E3F25ECD70F00272FAB /* LaunchScreen.storyboard in Resources */,
				52874E3C25ECD70F00272FAB /* Assets.xcassets in Resources */,
				52874E3A25ECD70D00272FAB /* Main.storyboard in Resources */,
			);
			runOnlyForDeploymentPostprocessing = 0;
		};
/* End PBXResourcesBuildPhase section */

/* Begin PBXSourcesBuildPhase section */
		52874E2B25ECD70D00272FAB /* Sources */ = {
			isa = PBXSourcesBuildPhase;
			buildActionMask = 2147483647;
			files = (
				52874E5A25ED13B300272FAB /* DataSorse.swift in Sources */,
				52874E7125EDA3E500272FAB /* WeatherViewController.swift in Sources */,
				52874E5525ED0BE600272FAB /* AddCityViewController.swift in Sources */,
				52874E3325ECD70D00272FAB /* AppDelegate.swift in Sources */,
				52874E3525ECD70D00272FAB /* SceneDelegate.swift in Sources */,
				52874E4D25ECE7B300272FAB /* WeatherData.swift in Sources */,
				52874E7625EDBF3F00272FAB /* ImageData.swift in Sources */,
				52874E7C25EE739D00272FAB /* GradientView.swift in Sources */,
			);
			runOnlyForDeploymentPostprocessing = 0;
		};
/* End PBXSourcesBuildPhase section */

/* Begin PBXVariantGroup section */
		52874E3825ECD70D00272FAB /* Main.storyboard */ = {
			isa = PBXVariantGroup;
			children = (
				52874E3925ECD70D00272FAB /* Base */,
			);
			name = Main.storyboard;
			sourceTree = "<group>";
		};
		52874E3D25ECD70F00272FAB /* LaunchScreen.storyboard */ = {
			isa = PBXVariantGroup;
			children = (
				52874E3E25ECD70F00272FAB /* Base */,
			);
			name = LaunchScreen.storyboard;
			sourceTree = "<group>";
		};
/* End PBXVariantGroup section */

/* Begin XCBuildConfiguration section */
		52874E4125ECD70F00272FAB /* Debug */ = {
			isa = XCBuildConfiguration;
			buildSettings = {
				ALWAYS_SEARCH_USER_PATHS = NO;
				CLANG_ANALYZER_NONNULL = YES;
				CLANG_ANALYZER_NUMBER_OBJECT_CONVERSION = YES_AGGRESSIVE;
				CLANG_CXX_LANGUAGE_STANDARD = "gnu++14";
				CLANG_CXX_LIBRARY = "libc++";
				CLANG_ENABLE_MODULES = YES;
				CLANG_ENABLE_OBJC_ARC = YES;
				CLANG_ENABLE_OBJC_WEAK = YES;
				CLANG_WARN_BLOCK_CAPTURE_AUTORELEASING = YES;
				CLANG_WARN_BOOL_CONVERSION = YES;
				CLANG_WARN_COMMA = YES;
				CLANG_WARN_CONSTANT_CONVERSION = YES;
				CLANG_WARN_DEPRECATED_OBJC_IMPLEMENTATIONS = YES;
				CLANG_WARN_DIRECT_OBJC_ISA_USAGE = YES_ERROR;
				CLANG_WARN_DOCUMENTATION_COMMENTS = YES;
				CLANG_WARN_EMPTY_BODY = YES;
				CLANG_WARN_ENUM_CONVERSION = YES;
				CLANG_WARN_INFINITE_RECURSION = YES;
				CLANG_WARN_INT_CONVERSION = YES;
				CLANG_WARN_NON_LITERAL_NULL_CONVERSION = YES;
				CLANG_WARN_OBJC_IMPLICIT_RETAIN_SELF = YES;
				CLANG_WARN_OBJC_LITERAL_CONVERSION = YES;
				CLANG_WARN_OBJC_ROOT_CLASS = YES_ERROR;
				CLANG_WARN_QUOTED_INCLUDE_IN_FRAMEWORK_HEADER = YES;
				CLANG_WARN_RANGE_LOOP_ANALYSIS = YES;
				CLANG_WARN_STRICT_PROTOTYPES = YES;
				CLANG_WARN_SUSPICIOUS_MOVE = YES;
				CLANG_WARN_UNGUARDED_AVAILABILITY = YES_AGGRESSIVE;
				CLANG_WARN_UNREACHABLE_CODE = YES;
				CLANG_WARN__DUPLICATE_METHOD_MATCH = YES;
				COPY_PHASE_STRIP = NO;
				DEBUG_INFORMATION_FORMAT = dwarf;
				ENABLE_STRICT_OBJC_MSGSEND = YES;
				ENABLE_TESTABILITY = YES;
				GCC_C_LANGUAGE_STANDARD = gnu11;
				GCC_DYNAMIC_NO_PIC = NO;
				GCC_NO_COMMON_BLOCKS = YES;
				GCC_OPTIMIZATION_LEVEL = 0;
				GCC_PREPROCESSOR_DEFINITIONS = (
					"DEBUG=1",
					"$(inherited)",
				);
				GCC_WARN_64_TO_32_BIT_CONVERSION = YES;
				GCC_WARN_ABOUT_RETURN_TYPE = YES_ERROR;
				GCC_WARN_UNDECLARED_SELECTOR = YES;
				GCC_WARN_UNINITIALIZED_AUTOS = YES_AGGRESSIVE;
				GCC_WARN_UNUSED_FUNCTION = YES;
				GCC_WARN_UNUSED_VARIABLE = YES;
				IPHONEOS_DEPLOYMENT_TARGET = 14.4;
				MTL_ENABLE_DEBUG_INFO = INCLUDE_SOURCE;
				MTL_FAST_MATH = YES;
				ONLY_ACTIVE_ARCH = YES;
				SDKROOT = iphoneos;
				SWIFT_ACTIVE_COMPILATION_CONDITIONS = DEBUG;
				SWIFT_OPTIMIZATION_LEVEL = "-Onone";
			};
			name = Debug;
		};
		52874E4225ECD70F00272FAB /* Release */ = {
			isa = XCBuildConfiguration;
			buildSettings = {
				ALWAYS_SEARCH_USER_PATHS = NO;
				CLANG_ANALYZER_NONNULL = YES;
				CLANG_ANALYZER_NUMBER_OBJECT_CONVERSION = YES_AGGRESSIVE;
				CLANG_CXX_LANGUAGE_STANDARD = "gnu++14";
				CLANG_CXX_LIBRARY = "libc++";
				CLANG_ENABLE_MODULES = YES;
				CLANG_ENABLE_OBJC_ARC = YES;
				CLANG_ENABLE_OBJC_WEAK = YES;
				CLANG_WARN_BLOCK_CAPTURE_AUTORELEASING = YES;
				CLANG_WARN_BOOL_CONVERSION = YES;
				CLANG_WARN_COMMA = YES;
				CLANG_WARN_CONSTANT_CONVERSION = YES;
				CLANG_WARN_DEPRECATED_OBJC_IMPLEMENTATIONS = YES;
				CLANG_WARN_DIRECT_OBJC_ISA_USAGE = YES_ERROR;
				CLANG_WARN_DOCUMENTATION_COMMENTS = YES;
				CLANG_WARN_EMPTY_BODY = YES;
				CLANG_WARN_ENUM_CONVERSION = YES;
				CLANG_WARN_INFINITE_RECURSION = YES;
				CLANG_WARN_INT_CONVERSION = YES;
				CLANG_WARN_NON_LITERAL_NULL_CONVERSION = YES;
				CLANG_WARN_OBJC_IMPLICIT_RETAIN_SELF = YES;
				CLANG_WARN_OBJC_LITERAL_CONVERSION = YES;
				CLANG_WARN_OBJC_ROOT_CLASS = YES_ERROR;
				CLANG_WARN_QUOTED_INCLUDE_IN_FRAMEWORK_HEADER = YES;
				CLANG_WARN_RANGE_LOOP_ANALYSIS = YES;
				CLANG_WARN_STRICT_PROTOTYPES = YES;
				CLANG_WARN_SUSPICIOUS_MOVE = YES;
				CLANG_WARN_UNGUARDED_AVAILABILITY = YES_AGGRESSIVE;
				CLANG_WARN_UNREACHABLE_CODE = YES;
				CLANG_WARN__DUPLICATE_METHOD_MATCH = YES;
				COPY_PHASE_STRIP = NO;
				DEBUG_INFORMATION_FORMAT = "dwarf-with-dsym";
				ENABLE_NS_ASSERTIONS = NO;
				ENABLE_STRICT_OBJC_MSGSEND = YES;
				GCC_C_LANGUAGE_STANDARD = gnu11;
				GCC_NO_COMMON_BLOCKS = YES;
				GCC_WARN_64_TO_32_BIT_CONVERSION = YES;
				GCC_WARN_ABOUT_RETURN_TYPE = YES_ERROR;
				GCC_WARN_UNDECLARED_SELECTOR = YES;
				GCC_WARN_UNINITIALIZED_AUTOS = YES_AGGRESSIVE;
				GCC_WARN_UNUSED_FUNCTION = YES;
				GCC_WARN_UNUSED_VARIABLE = YES;
				IPHONEOS_DEPLOYMENT_TARGET = 14.4;
				MTL_ENABLE_DEBUG_INFO = NO;
				MTL_FAST_MATH = YES;
				SDKROOT = iphoneos;
				SWIFT_COMPILATION_MODE = wholemodule;
				SWIFT_OPTIMIZATION_LEVEL = "-O";
				VALIDATE_PRODUCT = YES;
			};
			name = Release;
		};
		52874E4425ECD70F00272FAB /* Debug */ = {
			isa = XCBuildConfiguration;
			buildSettings = {
				ASSETCATALOG_COMPILER_APPICON_NAME = AppIcon;
				ASSETCATALOG_COMPILER_GLOBAL_ACCENT_COLOR_NAME = AccentColor;
				CODE_SIGN_STYLE = Automatic;
				INFOPLIST_FILE = WeatherApp/Info.plist;
				LD_RUNPATH_SEARCH_PATHS = (
					"$(inherited)",
					"@executable_path/Frameworks",
				);
				PRODUCT_BUNDLE_IDENTIFIER = "Nikta-Belov.WeatherApp";
				PRODUCT_NAME = "$(TARGET_NAME)";
				SWIFT_VERSION = 5.0;
				TARGETED_DEVICE_FAMILY = "1,2";
			};
			name = Debug;
		};
		52874E4525ECD70F00272FAB /* Release */ = {
			isa = XCBuildConfiguration;
			buildSettings = {
				ASSETCATALOG_COMPILER_APPICON_NAME = AppIcon;
				ASSETCATALOG_COMPILER_GLOBAL_ACCENT_COLOR_NAME = AccentColor;
				CODE_SIGN_STYLE = Automatic;
				INFOPLIST_FILE = WeatherApp/Info.plist;
				LD_RUNPATH_SEARCH_PATHS = (
					"$(inherited)",
					"@executable_path/Frameworks",
				);
				PRODUCT_BUNDLE_IDENTIFIER = "Nikta-Belov.WeatherApp";
				PRODUCT_NAME = "$(TARGET_NAME)";
				SWIFT_VERSION = 5.0;
				TARGETED_DEVICE_FAMILY = "1,2";
			};
			name = Release;
		};
/* End XCBuildConfiguration section */

/* Begin XCConfigurationList section */
		52874E2A25ECD70D00272FAB /* Build configuration list for PBXProject "WeatherApp" */ = {
			isa = XCConfigurationList;
			buildConfigurations = (
				52874E4125ECD70F00272FAB /* Debug */,
				52874E4225ECD70F00272FAB /* Release */,
			);
			defaultConfigurationIsVisible = 0;
			defaultConfigurationName = Release;
		};
		52874E4325ECD70F00272FAB /* Build configuration list for PBXNativeTarget "WeatherApp" */ = {
			isa = XCConfigurationList;
			buildConfigurations = (
				52874E4425ECD70F00272FAB /* Debug */,
				52874E4525ECD70F00272FAB /* Release */,
			);
			defaultConfigurationIsVisible = 0;
			defaultConfigurationName = Release;
		};
/* End XCConfigurationList section */
	};
	rootObject = 52874E2725ECD70D00272FAB /* Project object */;
}
